// !$*UTF8*$!
{
	archiveVersion = 1;
	classes = {
	};
	objectVersion = 46;
	objects = {

/* Begin PBXBuildFile section */
		A0DBFE6AC3580650C1C751DB /* Pods_NYUDining.framework in Frameworks */ = {isa = PBXBuildFile; fileRef = 789F215EA24B3C8514087160 /* Pods_NYUDining.framework */; };
		FA04BDCB1D0B7EFF0061F267 /* RFLocationsViewController.swift in Sources */ = {isa = PBXBuildFile; fileRef = FA04BDCA1D0B7EFF0061F267 /* RFLocationsViewController.swift */; };
		FA04BDCD1D0B85330061F267 /* GoogleService-Info.plist in Resources */ = {isa = PBXBuildFile; fileRef = FA04BDCC1D0B85330061F267 /* GoogleService-Info.plist */; };
		FA04BDCF1D0B853B0061F267 /* AppDelegate.swift in Sources */ = {isa = PBXBuildFile; fileRef = FA04BDCE1D0B853B0061F267 /* AppDelegate.swift */; };
		FA04BDD11D0B8F430061F267 /* RFLocationDetailViewController.swift in Sources */ = {isa = PBXBuildFile; fileRef = FA04BDD01D0B8F430061F267 /* RFLocationDetailViewController.swift */; };
		FA04BDD31D0B98700061F267 /* RFHoursTableViewController.swift in Sources */ = {isa = PBXBuildFile; fileRef = FA04BDD21D0B98700061F267 /* RFHoursTableViewController.swift */; };
		FA04BDD51D0B9A2D0061F267 /* RFMenuBrowserViewController.swift in Sources */ = {isa = PBXBuildFile; fileRef = FA04BDD41D0B9A2D0061F267 /* RFMenuBrowserViewController.swift */; };
		FA084ABB1D25F54400732C06 /* HoursTableViewCell.swift in Sources */ = {isa = PBXBuildFile; fileRef = FA084ABA1D25F54400732C06 /* HoursTableViewCell.swift */; };
		FA0FAD2F1F5B66F8000DD184 /* EditLocationViewController.swift in Sources */ = {isa = PBXBuildFile; fileRef = FA0FAD2E1F5B66F8000DD184 /* EditLocationViewController.swift */; };
		FA22EFB21B9F1F3400763C9A /* Main.storyboard in Resources */ = {isa = PBXBuildFile; fileRef = FA22EFB01B9F1F3400763C9A /* Main.storyboard */; };
		FA22EFB41B9F1F3400763C9A /* Images.xcassets in Resources */ = {isa = PBXBuildFile; fileRef = FA22EFB31B9F1F3400763C9A /* Images.xcassets */; };
		FA22EFB71B9F1F3400763C9A /* LaunchScreen.xib in Resources */ = {isa = PBXBuildFile; fileRef = FA22EFB51B9F1F3400763C9A /* LaunchScreen.xib */; };
		FA3C7A0C1BDFC95000778DF0 /* SystemConfiguration.framework in Frameworks */ = {isa = PBXBuildFile; fileRef = FA3C7A0B1BDFC95000778DF0 /* SystemConfiguration.framework */; };
		FA4BE6D11D0B688E00D7F0D9 /* RFDiningLocation.swift in Sources */ = {isa = PBXBuildFile; fileRef = FA4BE6D01D0B688E00D7F0D9 /* RFDiningLocation.swift */; };
		FA71A6B21E04A8100091CF50 /* Keys.swift in Sources */ = {isa = PBXBuildFile; fileRef = FA71A6B11E04A8100091CF50 /* Keys.swift */; };
		FADB0A611D6A63400092F35B /* NYUDiningUITests.swift in Sources */ = {isa = PBXBuildFile; fileRef = FADB0A601D6A63400092F35B /* NYUDiningUITests.swift */; };
		FADB0A691D6A63640092F35B /* SnapshotHelper.swift in Sources */ = {isa = PBXBuildFile; fileRef = FADB0A681D6A63640092F35B /* SnapshotHelper.swift */; };
		FADFFA2A1BB8C8FC00C58CF5 /* CoreLocation.framework in Frameworks */ = {isa = PBXBuildFile; fileRef = FADFFA291BB8C8FC00C58CF5 /* CoreLocation.framework */; };
/* End PBXBuildFile section */

/* Begin PBXContainerItemProxy section */
		FA22EFBD1B9F1F3400763C9A /* PBXContainerItemProxy */ = {
			isa = PBXContainerItemProxy;
			containerPortal = FA22EF9B1B9F1F3400763C9A /* Project object */;
			proxyType = 1;
			remoteGlobalIDString = FA22EFA21B9F1F3400763C9A;
			remoteInfo = NYUDining;
		};
		FADB0A631D6A63400092F35B /* PBXContainerItemProxy */ = {
			isa = PBXContainerItemProxy;
			containerPortal = FA22EF9B1B9F1F3400763C9A /* Project object */;
			proxyType = 1;
			remoteGlobalIDString = FA22EFA21B9F1F3400763C9A;
			remoteInfo = NYUDining;
		};
/* End PBXContainerItemProxy section */

/* Begin PBXCopyFilesBuildPhase section */
		FAF927EA1C62D57800126B92 /* Embed Watch Content */ = {
			isa = PBXCopyFilesBuildPhase;
			buildActionMask = 2147483647;
			dstPath = "$(CONTENTS_FOLDER_PATH)/Watch";
			dstSubfolderSpec = 16;
			files = (
			);
			name = "Embed Watch Content";
			runOnlyForDeploymentPostprocessing = 0;
		};
/* End PBXCopyFilesBuildPhase section */

/* Begin PBXFileReference section */
		0E202179F3D84B33CEBC04C1 /* Pods-NYUDining.debug.xcconfig */ = {isa = PBXFileReference; includeInIndex = 1; lastKnownFileType = text.xcconfig; name = "Pods-NYUDining.debug.xcconfig"; path = "Pods/Target Support Files/Pods-NYUDining/Pods-NYUDining.debug.xcconfig"; sourceTree = "<group>"; };
		1657DCBBBF39FC7D985DA6A8 /* Pods-NYUDining.release.xcconfig */ = {isa = PBXFileReference; includeInIndex = 1; lastKnownFileType = text.xcconfig; name = "Pods-NYUDining.release.xcconfig"; path = "Pods/Target Support Files/Pods-NYUDining/Pods-NYUDining.release.xcconfig"; sourceTree = "<group>"; };
		789F215EA24B3C8514087160 /* Pods_NYUDining.framework */ = {isa = PBXFileReference; explicitFileType = wrapper.framework; includeInIndex = 0; path = Pods_NYUDining.framework; sourceTree = BUILT_PRODUCTS_DIR; };
		FA04BDCA1D0B7EFF0061F267 /* RFLocationsViewController.swift */ = {isa = PBXFileReference; fileEncoding = 4; lastKnownFileType = sourcecode.swift; path = RFLocationsViewController.swift; sourceTree = "<group>"; };
		FA04BDCC1D0B85330061F267 /* GoogleService-Info.plist */ = {isa = PBXFileReference; fileEncoding = 4; lastKnownFileType = text.plist.xml; path = "GoogleService-Info.plist"; sourceTree = "<group>"; };
		FA04BDCE1D0B853B0061F267 /* AppDelegate.swift */ = {isa = PBXFileReference; fileEncoding = 4; lastKnownFileType = sourcecode.swift; path = AppDelegate.swift; sourceTree = "<group>"; };
		FA04BDD01D0B8F430061F267 /* RFLocationDetailViewController.swift */ = {isa = PBXFileReference; fileEncoding = 4; lastKnownFileType = sourcecode.swift; path = RFLocationDetailViewController.swift; sourceTree = "<group>"; };
		FA04BDD21D0B98700061F267 /* RFHoursTableViewController.swift */ = {isa = PBXFileReference; fileEncoding = 4; lastKnownFileType = sourcecode.swift; path = RFHoursTableViewController.swift; sourceTree = "<group>"; };
		FA04BDD41D0B9A2D0061F267 /* RFMenuBrowserViewController.swift */ = {isa = PBXFileReference; fileEncoding = 4; lastKnownFileType = sourcecode.swift; path = RFMenuBrowserViewController.swift; sourceTree = "<group>"; };
		FA084ABA1D25F54400732C06 /* HoursTableViewCell.swift */ = {isa = PBXFileReference; fileEncoding = 4; lastKnownFileType = sourcecode.swift; path = HoursTableViewCell.swift; sourceTree = "<group>"; };
		FA0FAD2E1F5B66F8000DD184 /* EditLocationViewController.swift */ = {isa = PBXFileReference; lastKnownFileType = sourcecode.swift; path = EditLocationViewController.swift; sourceTree = "<group>"; };
		FA22EFA31B9F1F3400763C9A /* NYUDining.app */ = {isa = PBXFileReference; explicitFileType = wrapper.application; includeInIndex = 0; path = NYUDining.app; sourceTree = BUILT_PRODUCTS_DIR; };
		FA22EFA71B9F1F3400763C9A /* Info.plist */ = {isa = PBXFileReference; lastKnownFileType = text.plist.xml; path = Info.plist; sourceTree = "<group>"; };
		FA22EFB11B9F1F3400763C9A /* Base */ = {isa = PBXFileReference; lastKnownFileType = file.storyboard; name = Base; path = Base.lproj/Main.storyboard; sourceTree = "<group>"; };
		FA22EFB31B9F1F3400763C9A /* Images.xcassets */ = {isa = PBXFileReference; lastKnownFileType = folder.assetcatalog; path = Images.xcassets; sourceTree = "<group>"; };
		FA22EFB61B9F1F3400763C9A /* Base */ = {isa = PBXFileReference; lastKnownFileType = file.xib; name = Base; path = Base.lproj/LaunchScreen.xib; sourceTree = "<group>"; };
		FA22EFBC1B9F1F3400763C9A /* NYUDiningTests.xctest */ = {isa = PBXFileReference; explicitFileType = wrapper.cfbundle; includeInIndex = 0; path = NYUDiningTests.xctest; sourceTree = BUILT_PRODUCTS_DIR; };
		FA22EFC11B9F1F3400763C9A /* Info.plist */ = {isa = PBXFileReference; lastKnownFileType = text.plist.xml; path = Info.plist; sourceTree = "<group>"; };
		FA3C7A0B1BDFC95000778DF0 /* SystemConfiguration.framework */ = {isa = PBXFileReference; lastKnownFileType = wrapper.framework; name = SystemConfiguration.framework; path = System/Library/Frameworks/SystemConfiguration.framework; sourceTree = SDKROOT; };
		FA4BE6D01D0B688E00D7F0D9 /* RFDiningLocation.swift */ = {isa = PBXFileReference; fileEncoding = 4; lastKnownFileType = sourcecode.swift; path = RFDiningLocation.swift; sourceTree = "<group>"; };
		FA71A6B11E04A8100091CF50 /* Keys.swift */ = {isa = PBXFileReference; fileEncoding = 4; lastKnownFileType = sourcecode.swift; path = Keys.swift; sourceTree = "<group>"; };
		FAAADD0E1BB89665008FAA77 /* MapKit.framework */ = {isa = PBXFileReference; lastKnownFileType = wrapper.framework; name = MapKit.framework; path = System/Library/Frameworks/MapKit.framework; sourceTree = SDKROOT; };
		FADB0A5E1D6A63400092F35B /* NYUDiningUITests.xctest */ = {isa = PBXFileReference; explicitFileType = wrapper.cfbundle; includeInIndex = 0; path = NYUDiningUITests.xctest; sourceTree = BUILT_PRODUCTS_DIR; };
		FADB0A601D6A63400092F35B /* NYUDiningUITests.swift */ = {isa = PBXFileReference; lastKnownFileType = sourcecode.swift; path = NYUDiningUITests.swift; sourceTree = "<group>"; };
		FADB0A621D6A63400092F35B /* Info.plist */ = {isa = PBXFileReference; lastKnownFileType = text.plist.xml; path = Info.plist; sourceTree = "<group>"; };
		FADB0A681D6A63640092F35B /* SnapshotHelper.swift */ = {isa = PBXFileReference; fileEncoding = 4; lastKnownFileType = sourcecode.swift; name = SnapshotHelper.swift; path = fastlane/SnapshotHelper.swift; sourceTree = SOURCE_ROOT; };
		FADFFA291BB8C8FC00C58CF5 /* CoreLocation.framework */ = {isa = PBXFileReference; lastKnownFileType = wrapper.framework; name = CoreLocation.framework; path = System/Library/Frameworks/CoreLocation.framework; sourceTree = SDKROOT; };
/* End PBXFileReference section */

/* Begin PBXFrameworksBuildPhase section */
		FA22EFA01B9F1F3400763C9A /* Frameworks */ = {
			isa = PBXFrameworksBuildPhase;
			buildActionMask = 2147483647;
			files = (
				FA3C7A0C1BDFC95000778DF0 /* SystemConfiguration.framework in Frameworks */,
				FADFFA2A1BB8C8FC00C58CF5 /* CoreLocation.framework in Frameworks */,
				A0DBFE6AC3580650C1C751DB /* Pods_NYUDining.framework in Frameworks */,
			);
			runOnlyForDeploymentPostprocessing = 0;
		};
		FA22EFB91B9F1F3400763C9A /* Frameworks */ = {
			isa = PBXFrameworksBuildPhase;
			buildActionMask = 2147483647;
			files = (
			);
			runOnlyForDeploymentPostprocessing = 0;
		};
		FADB0A5B1D6A63400092F35B /* Frameworks */ = {
			isa = PBXFrameworksBuildPhase;
			buildActionMask = 2147483647;
			files = (
			);
			runOnlyForDeploymentPostprocessing = 0;
		};
/* End PBXFrameworksBuildPhase section */

/* Begin PBXGroup section */
		2229E7348960834A3370311B /* Frameworks */ = {
			isa = PBXGroup;
			children = (
				FA3C7A0B1BDFC95000778DF0 /* SystemConfiguration.framework */,
				FADFFA291BB8C8FC00C58CF5 /* CoreLocation.framework */,
				FAAADD0E1BB89665008FAA77 /* MapKit.framework */,
				789F215EA24B3C8514087160 /* Pods_NYUDining.framework */,
			);
			name = Frameworks;
			sourceTree = "<group>";
		};
		A494E50D8869C946FA33702A /* Pods */ = {
			isa = PBXGroup;
			children = (
				0E202179F3D84B33CEBC04C1 /* Pods-NYUDining.debug.xcconfig */,
				1657DCBBBF39FC7D985DA6A8 /* Pods-NYUDining.release.xcconfig */,
			);
			name = Pods;
			sourceTree = "<group>";
		};
		FA22EF9A1B9F1F3400763C9A = {
			isa = PBXGroup;
			children = (
				FA04BDCC1D0B85330061F267 /* GoogleService-Info.plist */,
				FA22EFA51B9F1F3400763C9A /* NYUDining */,
				FA22EFBF1B9F1F3400763C9A /* NYUDiningTests */,
				FADB0A5F1D6A63400092F35B /* NYUDiningUITests */,
				FA22EFA41B9F1F3400763C9A /* Products */,
				2229E7348960834A3370311B /* Frameworks */,
				A494E50D8869C946FA33702A /* Pods */,
			);
			sourceTree = "<group>";
		};
		FA22EFA41B9F1F3400763C9A /* Products */ = {
			isa = PBXGroup;
			children = (
				FA22EFA31B9F1F3400763C9A /* NYUDining.app */,
				FA22EFBC1B9F1F3400763C9A /* NYUDiningTests.xctest */,
				FADB0A5E1D6A63400092F35B /* NYUDiningUITests.xctest */,
			);
			name = Products;
			sourceTree = "<group>";
		};
		FA22EFA51B9F1F3400763C9A /* NYUDining */ = {
			isa = PBXGroup;
			children = (
				FA04BDCE1D0B853B0061F267 /* AppDelegate.swift */,
				FA71A6B11E04A8100091CF50 /* Keys.swift */,
				FA3A2ACB1CA1C5A600589A43 /* Models */,
				FA3A2ACC1CA1C5AE00589A43 /* View Controllers */,
				FA22EFB01B9F1F3400763C9A /* Main.storyboard */,
				FA22EFB31B9F1F3400763C9A /* Images.xcassets */,
				FA22EFB51B9F1F3400763C9A /* LaunchScreen.xib */,
				FA22EFA61B9F1F3400763C9A /* Supporting Files */,
			);
			path = NYUDining;
			sourceTree = "<group>";
		};
		FA22EFA61B9F1F3400763C9A /* Supporting Files */ = {
			isa = PBXGroup;
			children = (
				FA22EFA71B9F1F3400763C9A /* Info.plist */,
			);
			name = "Supporting Files";
			sourceTree = "<group>";
		};
		FA22EFBF1B9F1F3400763C9A /* NYUDiningTests */ = {
			isa = PBXGroup;
			children = (
				FA22EFC01B9F1F3400763C9A /* Supporting Files */,
			);
			path = NYUDiningTests;
			sourceTree = "<group>";
		};
		FA22EFC01B9F1F3400763C9A /* Supporting Files */ = {
			isa = PBXGroup;
			children = (
				FA22EFC11B9F1F3400763C9A /* Info.plist */,
			);
			name = "Supporting Files";
			sourceTree = "<group>";
		};
		FA3A2ACB1CA1C5A600589A43 /* Models */ = {
			isa = PBXGroup;
			children = (
				FA4BE6D01D0B688E00D7F0D9 /* RFDiningLocation.swift */,
			);
			name = Models;
			sourceTree = "<group>";
		};
		FA3A2ACC1CA1C5AE00589A43 /* View Controllers */ = {
			isa = PBXGroup;
			children = (
				FA04BDCA1D0B7EFF0061F267 /* RFLocationsViewController.swift */,
				FA0FAD2E1F5B66F8000DD184 /* EditLocationViewController.swift */,
				FA04BDD01D0B8F430061F267 /* RFLocationDetailViewController.swift */,
				FA04BDD21D0B98700061F267 /* RFHoursTableViewController.swift */,
				FA084ABA1D25F54400732C06 /* HoursTableViewCell.swift */,
				FA04BDD41D0B9A2D0061F267 /* RFMenuBrowserViewController.swift */,
			);
			name = "View Controllers";
			sourceTree = "<group>";
		};
		FADB0A5F1D6A63400092F35B /* NYUDiningUITests */ = {
			isa = PBXGroup;
			children = (
				FADB0A681D6A63640092F35B /* SnapshotHelper.swift */,
				FADB0A601D6A63400092F35B /* NYUDiningUITests.swift */,
				FADB0A621D6A63400092F35B /* Info.plist */,
			);
			path = NYUDiningUITests;
			sourceTree = "<group>";
		};
/* End PBXGroup section */

/* Begin PBXNativeTarget section */
		FA22EFA21B9F1F3400763C9A /* NYUDining */ = {
			isa = PBXNativeTarget;
			buildConfigurationList = FA22EFC61B9F1F3400763C9A /* Build configuration list for PBXNativeTarget "NYUDining" */;
			buildPhases = (
				9C3CF011003467555AC57F84 /* [CP] Check Pods Manifest.lock */,
				FA22EF9F1B9F1F3400763C9A /* Sources */,
				FA22EFA01B9F1F3400763C9A /* Frameworks */,
				FA22EFA11B9F1F3400763C9A /* Resources */,
				FAF927EA1C62D57800126B92 /* Embed Watch Content */,
				33C1C8E5D9282F348B29DED1 /* [CP] Embed Pods Frameworks */,
				5E777980F5C15A52E3D02F5B /* [CP] Copy Pods Resources */,
				FA17573C1D18E0440023AA32 /* ShellScript */,
				FAD5A2F71D260C2700EC0454 /* ShellScript */,
			);
			buildRules = (
			);
			dependencies = (
			);
			name = NYUDining;
			productName = NYUDining;
			productReference = FA22EFA31B9F1F3400763C9A /* NYUDining.app */;
			productType = "com.apple.product-type.application";
		};
		FA22EFBB1B9F1F3400763C9A /* NYUDiningTests */ = {
			isa = PBXNativeTarget;
			buildConfigurationList = FA22EFC91B9F1F3400763C9A /* Build configuration list for PBXNativeTarget "NYUDiningTests" */;
			buildPhases = (
				FA22EFB81B9F1F3400763C9A /* Sources */,
				FA22EFB91B9F1F3400763C9A /* Frameworks */,
				FA22EFBA1B9F1F3400763C9A /* Resources */,
			);
			buildRules = (
			);
			dependencies = (
				FA22EFBE1B9F1F3400763C9A /* PBXTargetDependency */,
			);
			name = NYUDiningTests;
			productName = NYUDiningTests;
			productReference = FA22EFBC1B9F1F3400763C9A /* NYUDiningTests.xctest */;
			productType = "com.apple.product-type.bundle.unit-test";
		};
		FADB0A5D1D6A63400092F35B /* NYUDiningUITests */ = {
			isa = PBXNativeTarget;
			buildConfigurationList = FADB0A651D6A63410092F35B /* Build configuration list for PBXNativeTarget "NYUDiningUITests" */;
			buildPhases = (
				FADB0A5A1D6A63400092F35B /* Sources */,
				FADB0A5B1D6A63400092F35B /* Frameworks */,
				FADB0A5C1D6A63400092F35B /* Resources */,
			);
			buildRules = (
			);
			dependencies = (
				FADB0A641D6A63400092F35B /* PBXTargetDependency */,
			);
			name = NYUDiningUITests;
			productName = NYUDiningUITests;
			productReference = FADB0A5E1D6A63400092F35B /* NYUDiningUITests.xctest */;
			productType = "com.apple.product-type.bundle.ui-testing";
		};
/* End PBXNativeTarget section */

/* Begin PBXProject section */
		FA22EF9B1B9F1F3400763C9A /* Project object */ = {
			isa = PBXProject;
			attributes = {
				LastSwiftUpdateCheck = 0730;
				LastUpgradeCheck = 0900;
				ORGANIZATIONNAME = "Ross Freeman";
				TargetAttributes = {
					FA22EFA21B9F1F3400763C9A = {
						CreatedOnToolsVersion = 6.4;
						DevelopmentTeam = 247UT9T8WT;
						LastSwiftMigration = 0900;
						SystemCapabilities = {
							com.apple.Push = {
								enabled = 0;
							};
						};
					};
					FA22EFBB1B9F1F3400763C9A = {
						CreatedOnToolsVersion = 6.4;
						DevelopmentTeam = 247UT9T8WT;
						TestTargetID = FA22EFA21B9F1F3400763C9A;
					};
					FADB0A5D1D6A63400092F35B = {
						CreatedOnToolsVersion = 7.3.1;
						LastSwiftMigration = 0900;
						TestTargetID = FA22EFA21B9F1F3400763C9A;
					};
				};
			};
			buildConfigurationList = FA22EF9E1B9F1F3400763C9A /* Build configuration list for PBXProject "NYUDining" */;
			compatibilityVersion = "Xcode 3.2";
			developmentRegion = English;
			hasScannedForEncodings = 0;
			knownRegions = (
				en,
				Base,
			);
			mainGroup = FA22EF9A1B9F1F3400763C9A;
			productRefGroup = FA22EFA41B9F1F3400763C9A /* Products */;
			projectDirPath = "";
			projectRoot = "";
			targets = (
				FA22EFA21B9F1F3400763C9A /* NYUDining */,
				FA22EFBB1B9F1F3400763C9A /* NYUDiningTests */,
				FADB0A5D1D6A63400092F35B /* NYUDiningUITests */,
			);
		};
/* End PBXProject section */

/* Begin PBXResourcesBuildPhase section */
		FA22EFA11B9F1F3400763C9A /* Resources */ = {
			isa = PBXResourcesBuildPhase;
			buildActionMask = 2147483647;
			files = (
				FA22EFB21B9F1F3400763C9A /* Main.storyboard in Resources */,
				FA04BDCD1D0B85330061F267 /* GoogleService-Info.plist in Resources */,
				FA22EFB71B9F1F3400763C9A /* LaunchScreen.xib in Resources */,
				FA22EFB41B9F1F3400763C9A /* Images.xcassets in Resources */,
			);
			runOnlyForDeploymentPostprocessing = 0;
		};
		FA22EFBA1B9F1F3400763C9A /* Resources */ = {
			isa = PBXResourcesBuildPhase;
			buildActionMask = 2147483647;
			files = (
			);
			runOnlyForDeploymentPostprocessing = 0;
		};
		FADB0A5C1D6A63400092F35B /* Resources */ = {
			isa = PBXResourcesBuildPhase;
			buildActionMask = 2147483647;
			files = (
			);
			runOnlyForDeploymentPostprocessing = 0;
		};
/* End PBXResourcesBuildPhase section */

/* Begin PBXShellScriptBuildPhase section */
		33C1C8E5D9282F348B29DED1 /* [CP] Embed Pods Frameworks */ = {
			isa = PBXShellScriptBuildPhase;
			buildActionMask = 2147483647;
			files = (
			);
			inputPaths = (
				"${SRCROOT}/Pods/Target Support Files/Pods-NYUDining/Pods-NYUDining-frameworks.sh",
				"${BUILT_PRODUCTS_DIR}/GoogleToolboxForMac/GoogleToolboxForMac.framework",
				"${BUILT_PRODUCTS_DIR}/PKHUD/PKHUD.framework",
				"${BUILT_PRODUCTS_DIR}/PureLayout/PureLayout.framework",
				"${BUILT_PRODUCTS_DIR}/leveldb-library/leveldb.framework",
				"${BUILT_PRODUCTS_DIR}/nanopb/nanopb.framework",
			);
			name = "[CP] Embed Pods Frameworks";
			outputPaths = (
				"${TARGET_BUILD_DIR}/${FRAMEWORKS_FOLDER_PATH}/GoogleToolboxForMac.framework",
				"${TARGET_BUILD_DIR}/${FRAMEWORKS_FOLDER_PATH}/PKHUD.framework",
				"${TARGET_BUILD_DIR}/${FRAMEWORKS_FOLDER_PATH}/PureLayout.framework",
				"${TARGET_BUILD_DIR}/${FRAMEWORKS_FOLDER_PATH}/leveldb.framework",
				"${TARGET_BUILD_DIR}/${FRAMEWORKS_FOLDER_PATH}/nanopb.framework",
			);
			runOnlyForDeploymentPostprocessing = 0;
			shellPath = /bin/sh;
			shellScript = "\"${SRCROOT}/Pods/Target Support Files/Pods-NYUDining/Pods-NYUDining-frameworks.sh\"\n";
			showEnvVarsInLog = 0;
		};
		5E777980F5C15A52E3D02F5B /* [CP] Copy Pods Resources */ = {
			isa = PBXShellScriptBuildPhase;
			buildActionMask = 2147483647;
			files = (
			);
			inputPaths = (
				"${SRCROOT}/Pods/Target Support Files/Pods-NYUDining/Pods-NYUDining-resources.sh",
				"${PODS_ROOT}/GoogleMaps/Maps/Frameworks/GoogleMaps.framework/Resources/GoogleMaps.bundle",
			);
			name = "[CP] Copy Pods Resources";
			outputPaths = (
				"${TARGET_BUILD_DIR}/${UNLOCALIZED_RESOURCES_FOLDER_PATH}",
			);
			runOnlyForDeploymentPostprocessing = 0;
			shellPath = /bin/sh;
			shellScript = "\"${SRCROOT}/Pods/Target Support Files/Pods-NYUDining/Pods-NYUDining-resources.sh\"\n";
			showEnvVarsInLog = 0;
		};
		9C3CF011003467555AC57F84 /* [CP] Check Pods Manifest.lock */ = {
			isa = PBXShellScriptBuildPhase;
			buildActionMask = 2147483647;
			files = (
			);
			inputPaths = (
				"${PODS_PODFILE_DIR_PATH}/Podfile.lock",
				"${PODS_ROOT}/Manifest.lock",
			);
			name = "[CP] Check Pods Manifest.lock";
			outputPaths = (
				"$(DERIVED_FILE_DIR)/Pods-NYUDining-checkManifestLockResult.txt",
			);
			runOnlyForDeploymentPostprocessing = 0;
			shellPath = /bin/sh;
			shellScript = "diff \"${PODS_PODFILE_DIR_PATH}/Podfile.lock\" \"${PODS_ROOT}/Manifest.lock\" > /dev/null\nif [ $? != 0 ] ; then\n    # print error to STDERR\n    echo \"error: The sandbox is not in sync with the Podfile.lock. Run 'pod install' or update your CocoaPods installation.\" >&2\n    exit 1\nfi\n# This output is used by Xcode 'outputs' to avoid re-running this script phase.\necho \"SUCCESS\" > \"${SCRIPT_OUTPUT_FILE_0}\"\n";
			showEnvVarsInLog = 0;
		};
		FA17573C1D18E0440023AA32 /* ShellScript */ = {
			isa = PBXShellScriptBuildPhase;
			buildActionMask = 2147483647;
			files = (
			);
			inputPaths = (
			);
			outputPaths = (
			);
			runOnlyForDeploymentPostprocessing = 0;
			shellPath = /bin/sh;
			shellScript = "FILE=\"${SRCROOT}/HockeySDK-iOS/BuildAgent\"\nif [ -f \"$FILE\" ]; then\n\"$FILE\"\nfi";
		};
		FAD5A2F71D260C2700EC0454 /* ShellScript */ = {
			isa = PBXShellScriptBuildPhase;
			buildActionMask = 2147483647;
			files = (
			);
			inputPaths = (
			);
			outputPaths = (
			);
			runOnlyForDeploymentPostprocessing = 0;
			shellPath = /bin/sh;
			shellScript = "\"${PODS_ROOT}/Fabric/run\" c2a035c5260ebab83bbe0a5f8a9378b8dd5cc046 43108ed8bc65cfcbf37cdc93cfb622458037e8c0e09b38f75f224870928dc153";
		};
/* End PBXShellScriptBuildPhase section */

/* Begin PBXSourcesBuildPhase section */
		FA22EF9F1B9F1F3400763C9A /* Sources */ = {
			isa = PBXSourcesBuildPhase;
			buildActionMask = 2147483647;
			files = (
				FA04BDCF1D0B853B0061F267 /* AppDelegate.swift in Sources */,
				FA71A6B21E04A8100091CF50 /* Keys.swift in Sources */,
				FA084ABB1D25F54400732C06 /* HoursTableViewCell.swift in Sources */,
				FA0FAD2F1F5B66F8000DD184 /* EditLocationViewController.swift in Sources */,
				FA04BDD51D0B9A2D0061F267 /* RFMenuBrowserViewController.swift in Sources */,
				FA4BE6D11D0B688E00D7F0D9 /* RFDiningLocation.swift in Sources */,
				FA04BDCB1D0B7EFF0061F267 /* RFLocationsViewController.swift in Sources */,
				FA04BDD31D0B98700061F267 /* RFHoursTableViewController.swift in Sources */,
				FA04BDD11D0B8F430061F267 /* RFLocationDetailViewController.swift in Sources */,
			);
			runOnlyForDeploymentPostprocessing = 0;
		};
		FA22EFB81B9F1F3400763C9A /* Sources */ = {
			isa = PBXSourcesBuildPhase;
			buildActionMask = 2147483647;
			files = (
			);
			runOnlyForDeploymentPostprocessing = 0;
		};
		FADB0A5A1D6A63400092F35B /* Sources */ = {
			isa = PBXSourcesBuildPhase;
			buildActionMask = 2147483647;
			files = (
				FADB0A611D6A63400092F35B /* NYUDiningUITests.swift in Sources */,
				FADB0A691D6A63640092F35B /* SnapshotHelper.swift in Sources */,
			);
			runOnlyForDeploymentPostprocessing = 0;
		};
/* End PBXSourcesBuildPhase section */

/* Begin PBXTargetDependency section */
		FA22EFBE1B9F1F3400763C9A /* PBXTargetDependency */ = {
			isa = PBXTargetDependency;
			target = FA22EFA21B9F1F3400763C9A /* NYUDining */;
			targetProxy = FA22EFBD1B9F1F3400763C9A /* PBXContainerItemProxy */;
		};
		FADB0A641D6A63400092F35B /* PBXTargetDependency */ = {
			isa = PBXTargetDependency;
			target = FA22EFA21B9F1F3400763C9A /* NYUDining */;
			targetProxy = FADB0A631D6A63400092F35B /* PBXContainerItemProxy */;
		};
/* End PBXTargetDependency section */

/* Begin PBXVariantGroup section */
		FA22EFB01B9F1F3400763C9A /* Main.storyboard */ = {
			isa = PBXVariantGroup;
			children = (
				FA22EFB11B9F1F3400763C9A /* Base */,
			);
			name = Main.storyboard;
			sourceTree = "<group>";
		};
		FA22EFB51B9F1F3400763C9A /* LaunchScreen.xib */ = {
			isa = PBXVariantGroup;
			children = (
				FA22EFB61B9F1F3400763C9A /* Base */,
			);
			name = LaunchScreen.xib;
			sourceTree = "<group>";
		};
/* End PBXVariantGroup section */

/* Begin XCBuildConfiguration section */
		FA22EFC41B9F1F3400763C9A /* Debug */ = {
			isa = XCBuildConfiguration;
			buildSettings = {
				ALWAYS_SEARCH_USER_PATHS = NO;
				CLANG_CXX_LANGUAGE_STANDARD = "gnu++0x";
				CLANG_CXX_LIBRARY = "libc++";
				CLANG_ENABLE_MODULES = YES;
				CLANG_ENABLE_OBJC_ARC = YES;
				CLANG_WARN_BLOCK_CAPTURE_AUTORELEASING = YES;
				CLANG_WARN_BOOL_CONVERSION = YES;
				CLANG_WARN_COMMA = YES;
				CLANG_WARN_CONSTANT_CONVERSION = YES;
				CLANG_WARN_DIRECT_OBJC_ISA_USAGE = YES_ERROR;
				CLANG_WARN_EMPTY_BODY = YES;
				CLANG_WARN_ENUM_CONVERSION = YES;
				CLANG_WARN_INFINITE_RECURSION = YES;
				CLANG_WARN_INT_CONVERSION = YES;
				CLANG_WARN_NON_LITERAL_NULL_CONVERSION = YES;
				CLANG_WARN_OBJC_LITERAL_CONVERSION = YES;
				CLANG_WARN_OBJC_ROOT_CLASS = YES_ERROR;
				CLANG_WARN_RANGE_LOOP_ANALYSIS = YES;
				CLANG_WARN_STRICT_PROTOTYPES = YES;
				CLANG_WARN_SUSPICIOUS_MOVE = YES;
				CLANG_WARN_UNREACHABLE_CODE = YES;
				CLANG_WARN__DUPLICATE_METHOD_MATCH = YES;
				CODE_SIGN_IDENTITY = "";
				"CODE_SIGN_IDENTITY[sdk=iphoneos*]" = "";
				COPY_PHASE_STRIP = NO;
				DEBUG_INFORMATION_FORMAT = "dwarf-with-dsym";
				ENABLE_STRICT_OBJC_MSGSEND = YES;
				ENABLE_TESTABILITY = YES;
				GCC_C_LANGUAGE_STANDARD = gnu99;
				GCC_DYNAMIC_NO_PIC = NO;
				GCC_NO_COMMON_BLOCKS = YES;
				GCC_OPTIMIZATION_LEVEL = 0;
				GCC_PREPROCESSOR_DEFINITIONS = (
					"DEBUG=1",
					"$(inherited)",
				);
				GCC_SYMBOLS_PRIVATE_EXTERN = NO;
				GCC_WARN_64_TO_32_BIT_CONVERSION = YES;
				GCC_WARN_ABOUT_RETURN_TYPE = YES_ERROR;
				GCC_WARN_UNDECLARED_SELECTOR = YES;
				GCC_WARN_UNINITIALIZED_AUTOS = YES_AGGRESSIVE;
				GCC_WARN_UNUSED_FUNCTION = YES;
				GCC_WARN_UNUSED_VARIABLE = YES;
				IPHONEOS_DEPLOYMENT_TARGET = 8.4;
				MTL_ENABLE_DEBUG_INFO = YES;
				ONLY_ACTIVE_ARCH = YES;
				SDKROOT = iphoneos;
			};
			name = Debug;
		};
		FA22EFC51B9F1F3400763C9A /* Release */ = {
			isa = XCBuildConfiguration;
			buildSettings = {
				ALWAYS_SEARCH_USER_PATHS = NO;
				CLANG_CXX_LANGUAGE_STANDARD = "gnu++0x";
				CLANG_CXX_LIBRARY = "libc++";
				CLANG_ENABLE_MODULES = YES;
				CLANG_ENABLE_OBJC_ARC = YES;
				CLANG_WARN_BLOCK_CAPTURE_AUTORELEASING = YES;
				CLANG_WARN_BOOL_CONVERSION = YES;
				CLANG_WARN_COMMA = YES;
				CLANG_WARN_CONSTANT_CONVERSION = YES;
				CLANG_WARN_DIRECT_OBJC_ISA_USAGE = YES_ERROR;
				CLANG_WARN_EMPTY_BODY = YES;
				CLANG_WARN_ENUM_CONVERSION = YES;
				CLANG_WARN_INFINITE_RECURSION = YES;
				CLANG_WARN_INT_CONVERSION = YES;
				CLANG_WARN_NON_LITERAL_NULL_CONVERSION = YES;
				CLANG_WARN_OBJC_LITERAL_CONVERSION = YES;
				CLANG_WARN_OBJC_ROOT_CLASS = YES_ERROR;
				CLANG_WARN_RANGE_LOOP_ANALYSIS = YES;
				CLANG_WARN_STRICT_PROTOTYPES = YES;
				CLANG_WARN_SUSPICIOUS_MOVE = YES;
				CLANG_WARN_UNREACHABLE_CODE = YES;
				CLANG_WARN__DUPLICATE_METHOD_MATCH = YES;
				CODE_SIGN_IDENTITY = "";
				"CODE_SIGN_IDENTITY[sdk=iphoneos*]" = "";
				COPY_PHASE_STRIP = NO;
				DEBUG_INFORMATION_FORMAT = "dwarf-with-dsym";
				ENABLE_NS_ASSERTIONS = NO;
				ENABLE_STRICT_OBJC_MSGSEND = YES;
				GCC_C_LANGUAGE_STANDARD = gnu99;
				GCC_NO_COMMON_BLOCKS = YES;
				GCC_WARN_64_TO_32_BIT_CONVERSION = YES;
				GCC_WARN_ABOUT_RETURN_TYPE = YES_ERROR;
				GCC_WARN_UNDECLARED_SELECTOR = YES;
				GCC_WARN_UNINITIALIZED_AUTOS = YES_AGGRESSIVE;
				GCC_WARN_UNUSED_FUNCTION = YES;
				GCC_WARN_UNUSED_VARIABLE = YES;
				IPHONEOS_DEPLOYMENT_TARGET = 8.4;
				MTL_ENABLE_DEBUG_INFO = NO;
				SDKROOT = iphoneos;
				SWIFT_OPTIMIZATION_LEVEL = "-Owholemodule";
				VALIDATE_PRODUCT = YES;
			};
			name = Release;
		};
		FA22EFC71B9F1F3400763C9A /* Debug */ = {
			isa = XCBuildConfiguration;
			baseConfigurationReference = 0E202179F3D84B33CEBC04C1 /* Pods-NYUDining.debug.xcconfig */;
			buildSettings = {
				ALWAYS_EMBED_SWIFT_STANDARD_LIBRARIES = "$(inherited)";
				ASSETCATALOG_COMPILER_APPICON_NAME = AppIcon;
				CODE_SIGN_IDENTITY = "iPhone Developer";
				"CODE_SIGN_IDENTITY[sdk=iphoneos*]" = "iPhone Developer";
				DEFINES_MODULE = YES;
				DEVELOPMENT_TEAM = 247UT9T8WT;
				ENABLE_BITCODE = NO;
				INFOPLIST_FILE = NYUDining/Info.plist;
				IPHONEOS_DEPLOYMENT_TARGET = 9.0;
				LD_RUNPATH_SEARCH_PATHS = "$(inherited) @executable_path/Frameworks";
				PRODUCT_BUNDLE_IDENTIFIER = "com.rossfreeman.$(PRODUCT_NAME:rfc1034identifier)";
				PRODUCT_NAME = "$(TARGET_NAME)";
				PROVISIONING_PROFILE = "$(sigh_tools.fastlane.app_development)";
				SWIFT_OPTIMIZATION_LEVEL = "-Onone";
				SWIFT_SWIFT3_OBJC_INFERENCE = Default;
				SWIFT_VERSION = 4.0;
			};
			name = Debug;
		};
		FA22EFC81B9F1F3400763C9A /* Release */ = {
			isa = XCBuildConfiguration;
			baseConfigurationReference = 1657DCBBBF39FC7D985DA6A8 /* Pods-NYUDining.release.xcconfig */;
			buildSettings = {
				ALWAYS_EMBED_SWIFT_STANDARD_LIBRARIES = "$(inherited)";
				ASSETCATALOG_COMPILER_APPICON_NAME = AppIcon;
				CODE_SIGN_IDENTITY = "iPhone Developer";
				"CODE_SIGN_IDENTITY[sdk=iphoneos*]" = "iPhone Developer";
				DEFINES_MODULE = YES;
				DEVELOPMENT_TEAM = 247UT9T8WT;
				ENABLE_BITCODE = NO;
				INFOPLIST_FILE = NYUDining/Info.plist;
				IPHONEOS_DEPLOYMENT_TARGET = 9.0;
				LD_RUNPATH_SEARCH_PATHS = "$(inherited) @executable_path/Frameworks";
				PRODUCT_BUNDLE_IDENTIFIER = "com.rossfreeman.$(PRODUCT_NAME:rfc1034identifier)";
				PRODUCT_NAME = "$(TARGET_NAME)";
				PROVISIONING_PROFILE = "$(sigh_tools.fastlane.app_development)";
				SWIFT_SWIFT3_OBJC_INFERENCE = Default;
				SWIFT_VERSION = 4.0;
			};
			name = Release;
		};
		FA22EFCA1B9F1F3400763C9A /* Debug */ = {
			isa = XCBuildConfiguration;
			buildSettings = {
				BUNDLE_LOADER = "$(TEST_HOST)";
				CODE_SIGN_IDENTITY = "iPhone Developer";
				"CODE_SIGN_IDENTITY[sdk=iphoneos*]" = "iPhone Developer";
				FRAMEWORK_SEARCH_PATHS = (
					"$(SDKROOT)/Developer/Library/Frameworks",
					"$(inherited)",
				);
				GCC_PREPROCESSOR_DEFINITIONS = (
					"DEBUG=1",
					"$(inherited)",
				);
				INFOPLIST_FILE = NYUDiningTests/Info.plist;
				LD_RUNPATH_SEARCH_PATHS = "$(inherited) @executable_path/Frameworks @loader_path/Frameworks";
				PRODUCT_BUNDLE_IDENTIFIER = "com.rossfreeman.$(PRODUCT_NAME:rfc1034identifier)";
				PRODUCT_NAME = "$(TARGET_NAME)";
				PROVISIONING_PROFILE = "";
				TEST_HOST = "$(BUILT_PRODUCTS_DIR)/NYUDining.app/NYUDining";
			};
			name = Debug;
		};
		FA22EFCB1B9F1F3400763C9A /* Release */ = {
			isa = XCBuildConfiguration;
			buildSettings = {
				BUNDLE_LOADER = "$(TEST_HOST)";
				CODE_SIGN_IDENTITY = "iPhone Developer";
				"CODE_SIGN_IDENTITY[sdk=iphoneos*]" = "iPhone Developer";
				FRAMEWORK_SEARCH_PATHS = (
					"$(SDKROOT)/Developer/Library/Frameworks",
					"$(inherited)",
				);
				INFOPLIST_FILE = NYUDiningTests/Info.plist;
				LD_RUNPATH_SEARCH_PATHS = "$(inherited) @executable_path/Frameworks @loader_path/Frameworks";
				PRODUCT_BUNDLE_IDENTIFIER = "com.rossfreeman.$(PRODUCT_NAME:rfc1034identifier)";
				PRODUCT_NAME = "$(TARGET_NAME)";
				PROVISIONING_PROFILE = "";
				TEST_HOST = "$(BUILT_PRODUCTS_DIR)/NYUDining.app/NYUDining";
			};
			name = Release;
		};
		FADB0A661D6A63410092F35B /* Debug */ = {
			isa = XCBuildConfiguration;
			buildSettings = {
				CLANG_ANALYZER_NONNULL = YES;
				"CODE_SIGN_IDENTITY[sdk=iphoneos*]" = "iPhone Developer";
				DEBUG_INFORMATION_FORMAT = dwarf;
				INFOPLIST_FILE = NYUDiningUITests/Info.plist;
				IPHONEOS_DEPLOYMENT_TARGET = 9.3;
				LD_RUNPATH_SEARCH_PATHS = "$(inherited) @executable_path/Frameworks @loader_path/Frameworks";
				PRODUCT_BUNDLE_IDENTIFIER = com.rossfreeman.NYUDiningUITests;
				PRODUCT_NAME = "$(TARGET_NAME)";
				SWIFT_OPTIMIZATION_LEVEL = "-Onone";
				SWIFT_SWIFT3_OBJC_INFERENCE = On;
				SWIFT_VERSION = 4.0;
				TEST_TARGET_NAME = NYUDining;
			};
			name = Debug;
		};
		FADB0A671D6A63410092F35B /* Release */ = {
			isa = XCBuildConfiguration;
			buildSettings = {
				CLANG_ANALYZER_NONNULL = YES;
				"CODE_SIGN_IDENTITY[sdk=iphoneos*]" = "iPhone Developer";
				INFOPLIST_FILE = NYUDiningUITests/Info.plist;
				IPHONEOS_DEPLOYMENT_TARGET = 9.3;
				LD_RUNPATH_SEARCH_PATHS = "$(inherited) @executable_path/Frameworks @loader_path/Frameworks";
				PRODUCT_BUNDLE_IDENTIFIER = com.rossfreeman.NYUDiningUITests;
				PRODUCT_NAME = "$(TARGET_NAME)";
				SWIFT_SWIFT3_OBJC_INFERENCE = On;
				SWIFT_VERSION = 4.0;
				TEST_TARGET_NAME = NYUDining;
			};
			name = Release;
		};
/* End XCBuildConfiguration section */

/* Begin XCConfigurationList section */
		FA22EF9E1B9F1F3400763C9A /* Build configuration list for PBXProject "NYUDining" */ = {
			isa = XCConfigurationList;
			buildConfigurations = (
				FA22EFC41B9F1F3400763C9A /* Debug */,
				FA22EFC51B9F1F3400763C9A /* Release */,
			);
			defaultConfigurationIsVisible = 0;
			defaultConfigurationName = Release;
		};
		FA22EFC61B9F1F3400763C9A /* Build configuration list for PBXNativeTarget "NYUDining" */ = {
			isa = XCConfigurationList;
			buildConfigurations = (
				FA22EFC71B9F1F3400763C9A /* Debug */,
				FA22EFC81B9F1F3400763C9A /* Release */,
			);
			defaultConfigurationIsVisible = 0;
			defaultConfigurationName = Release;
		};
		FA22EFC91B9F1F3400763C9A /* Build configuration list for PBXNativeTarget "NYUDiningTests" */ = {
			isa = XCConfigurationList;
			buildConfigurations = (
				FA22EFCA1B9F1F3400763C9A /* Debug */,
				FA22EFCB1B9F1F3400763C9A /* Release */,
			);
			defaultConfigurationIsVisible = 0;
			defaultConfigurationName = Release;
		};
		FADB0A651D6A63410092F35B /* Build configuration list for PBXNativeTarget "NYUDiningUITests" */ = {
			isa = XCConfigurationList;
			buildConfigurations = (
				FADB0A661D6A63410092F35B /* Debug */,
				FADB0A671D6A63410092F35B /* Release */,
			);
			defaultConfigurationIsVisible = 0;
			defaultConfigurationName = Release;
		};
/* End XCConfigurationList section */
	};
	rootObject = FA22EF9B1B9F1F3400763C9A /* Project object */;
}
